
Microsoft Visual Studio Solution File, Format Version 12.00
# Visual Studio Version 17
VisualStudioVersion = 17.5.33516.290
MinimumVisualStudioVersion = 10.0.40219.1
Project("{9A19103F-16F7-4668-BE54-9A1E7A4F7556}") = "JaCaptei.Site.UI", "Site\Site.UI\JaCaptei.Site.UI.csproj", "{32F4255B-A4C4-4465-89B6-31F5D89B2B8C}"
EndProject
Project("{9A19103F-16F7-4668-BE54-9A1E7A4F7556}") = "JaCaptei.Site.API", "Site\Site.API\JaCaptei.Site.API.csproj", "{3E7F379D-94D6-4E54-B06C-81F1C38A71F2}"
EndProject
Project("{9A19103F-16F7-4668-BE54-9A1E7A4F7556}") = "JaCaptei.Admin.UI", "Admin\Admin.UI\JaCaptei.Admin.UI.csproj", "{926CA459-5A24-4B22-A07D-894B9D3DB8CF}"
EndProject
Project("{9A19103F-16F7-4668-BE54-9A1E7A4F7556}") = "JaCaptei.Admin.API", "Admin\Admin.API\JaCaptei.Admin.API.csproj", "{085AB998-F55B-46E1-8C3E-E51E1F909F80}"
EndProject
Project("{9A19103F-16F7-4668-BE54-9A1E7A4F7556}") = "JaCaptei.Model", "Core\Shared\JaCaptei.Model.csproj", "{59EE396C-CBBA-42B8-A215-B2B53FF87D43}"
EndProject
Project("{9A19103F-16F7-4668-BE54-9A1E7A4F7556}") = "JaCaptei.Application", "Core\Application\JaCaptei.Application.csproj", "{B21CE7DA-2F68-4259-9608-97EB5952E685}"
EndProject
Project("{2150E333-8FDC-42A3-9474-1A3956D46DE8}") = "2 - Site", "2 - Site", "{32643583-E53B-4C43-850F-2B3BA6CC92E7}"
EndProject
Project("{2150E333-8FDC-42A3-9474-1A3956D46DE8}") = "1 - Admin", "1 - Admin", "{C5A8A23C-2085-4170-B5D1-85034E51A955}"
EndProject
Project("{2150E333-8FDC-42A3-9474-1A3956D46DE8}") = "0 - Core", "0 - Core", "{088ED030-3378-4BA9-B186-A8D6CB10C509}"
EndProject
Project("{2150E333-8FDC-42A3-9474-1A3956D46DE8}") = "3 - Workers", "3 - Workers", "{A6CFBE72-06D5-4D9E-95E8-5E6A6D215AC9}"
EndProject
Project("{FAE04EC0-301F-11D3-BF4B-00C04F79EFBC}") = "ImoviewWorkerService", "ImoviewWorkerService\ImoviewWorkerService.csproj", "{A612D6B6-39FD-4459-87DB-34705C54D99B}"
EndProject
Global
	GlobalSection(SolutionConfigurationPlatforms) = preSolution
		Debug|Any CPU = Debug|Any CPU
		Release|Any CPU = Release|Any CPU
		SITE|Any CPU = SITE|Any CPU
	EndGlobalSection
	GlobalSection(ProjectConfigurationPlatforms) = postSolution
		{32F4255B-A4C4-4465-89B6-31F5D89B2B8C}.Debug|Any CPU.ActiveCfg = Debug|Any CPU
		{32F4255B-A4C4-4465-89B6-31F5D89B2B8C}.Debug|Any CPU.Build.0 = Debug|Any CPU
		{32F4255B-A4C4-4465-89B6-31F5D89B2B8C}.Release|Any CPU.ActiveCfg = Release|Any CPU
		{32F4255B-A4C4-4465-89B6-31F5D89B2B8C}.Release|Any CPU.Build.0 = Release|Any CPU
		{32F4255B-A4C4-4465-89B6-31F5D89B2B8C}.SITE|Any CPU.ActiveCfg = SITE|Any CPU
		{32F4255B-A4C4-4465-89B6-31F5D89B2B8C}.SITE|Any CPU.Build.0 = SITE|Any CPU
		{3E7F379D-94D6-4E54-B06C-81F1C38A71F2}.Debug|Any CPU.ActiveCfg = Debug|Any CPU
		{3E7F379D-94D6-4E54-B06C-81F1C38A71F2}.Debug|Any CPU.Build.0 = Debug|Any CPU
		{3E7F379D-94D6-4E54-B06C-81F1C38A71F2}.Release|Any CPU.ActiveCfg = Release|Any CPU
		{3E7F379D-94D6-4E54-B06C-81F1C38A71F2}.Release|Any CPU.Build.0 = Release|Any CPU
		{3E7F379D-94D6-4E54-B06C-81F1C38A71F2}.SITE|Any CPU.ActiveCfg = Release|Any CPU
		{3E7F379D-94D6-4E54-B06C-81F1C38A71F2}.SITE|Any CPU.Build.0 = Release|Any CPU
		{926CA459-5A24-4B22-A07D-894B9D3DB8CF}.Debug|Any CPU.ActiveCfg = Debug|Any CPU
		{926CA459-5A24-4B22-A07D-894B9D3DB8CF}.Debug|Any CPU.Build.0 = Debug|Any CPU
		{926CA459-5A24-4B22-A07D-894B9D3DB8CF}.Release|Any CPU.ActiveCfg = Release|Any CPU
		{926CA459-5A24-4B22-A07D-894B9D3DB8CF}.Release|Any CPU.Build.0 = Release|Any CPU
		{926CA459-5A24-4B22-A07D-894B9D3DB8CF}.SITE|Any CPU.ActiveCfg = SITE|Any CPU
		{926CA459-5A24-4B22-A07D-894B9D3DB8CF}.SITE|Any CPU.Build.0 = SITE|Any CPU
		{085AB998-F55B-46E1-8C3E-E51E1F909F80}.Debug|Any CPU.ActiveCfg = Debug|Any CPU
		{085AB998-F55B-46E1-8C3E-E51E1F909F80}.Debug|Any CPU.Build.0 = Debug|Any CPU
		{085AB998-F55B-46E1-8C3E-E51E1F909F80}.Release|Any CPU.ActiveCfg = Release|Any CPU
		{085AB998-F55B-46E1-8C3E-E51E1F909F80}.Release|Any CPU.Build.0 = Release|Any CPU
		{085AB998-F55B-46E1-8C3E-E51E1F909F80}.SITE|Any CPU.ActiveCfg = SITE|Any CPU
		{085AB998-F55B-46E1-8C3E-E51E1F909F80}.SITE|Any CPU.Build.0 = SITE|Any CPU
		{59EE396C-CBBA-42B8-A215-B2B53FF87D43}.Debug|Any CPU.ActiveCfg = Debug|Any CPU
		{59EE396C-CBBA-42B8-A215-B2B53FF87D43}.Debug|Any CPU.Build.0 = Debug|Any CPU
		{59EE396C-CBBA-42B8-A215-B2B53FF87D43}.Release|Any CPU.ActiveCfg = Release|Any CPU
		{59EE396C-CBBA-42B8-A215-B2B53FF87D43}.Release|Any CPU.Build.0 = Release|Any CPU
		{59EE396C-CBBA-42B8-A215-B2B53FF87D43}.SITE|Any CPU.ActiveCfg = SITE|Any CPU
		{59EE396C-CBBA-42B8-A215-B2B53FF87D43}.SITE|Any CPU.Build.0 = SITE|Any CPU
		{B21CE7DA-2F68-4259-9608-97EB5952E685}.Debug|Any CPU.ActiveCfg = Debug|Any CPU
		{B21CE7DA-2F68-4259-9608-97EB5952E685}.Debug|Any CPU.Build.0 = Debug|Any CPU
		{B21CE7DA-2F68-4259-9608-97EB5952E685}.Release|Any CPU.ActiveCfg = Release|Any CPU
		{B21CE7DA-2F68-4259-9608-97EB5952E685}.Release|Any CPU.Build.0 = Release|Any CPU
		{B21CE7DA-2F68-4259-9608-97EB5952E685}.SITE|Any CPU.ActiveCfg = SITE|Any CPU
		{B21CE7DA-2F68-4259-9608-97EB5952E685}.SITE|Any CPU.Build.0 = SITE|Any CPU
		{A612D6B6-39FD-4459-87DB-34705C54D99B}.Debug|Any CPU.ActiveCfg = Debug|Any CPU
		{A612D6B6-39FD-4459-87DB-34705C54D99B}.Debug|Any CPU.Build.0 = Debug|Any CPU
		{A612D6B6-39FD-4459-87DB-34705C54D99B}.Release|Any CPU.ActiveCfg = Release|Any CPU
		{A612D6B6-39FD-4459-87DB-34705C54D99B}.Release|Any CPU.Build.0 = Release|Any CPU
		{A612D6B6-39FD-4459-87DB-34705C54D99B}.SITE|Any CPU.ActiveCfg = Debug|Any CPU
		{A612D6B6-39FD-4459-87DB-34705C54D99B}.SITE|Any CPU.Build.0 = Debug|Any CPU
	EndGlobalSection
	GlobalSection(SolutionProperties) = preSolution
		HideSolutionNode = FALSE
	EndGlobalSection
	GlobalSection(NestedProjects) = preSolution
		{32F4255B-A4C4-4465-89B6-31F5D89B2B8C} = {32643583-E53B-4C43-850F-2B3BA6CC92E7}
		{3E7F379D-94D6-4E54-B06C-81F1C38A71F2} = {32643583-E53B-4C43-850F-2B3BA6CC92E7}
		{926CA459-5A24-4B22-A07D-894B9D3DB8CF} = {C5A8A23C-2085-4170-B5D1-85034E51A955}
		{085AB998-F55B-46E1-8C3E-E51E1F909F80} = {C5A8A23C-2085-4170-B5D1-85034E51A955}
		{59EE396C-CBBA-42B8-A215-B2B53FF87D43} = {088ED030-3378-4BA9-B186-A8D6CB10C509}
		{B21CE7DA-2F68-4259-9608-97EB5952E685} = {088ED030-3378-4BA9-B186-A8D6CB10C509}
		{A612D6B6-39FD-4459-87DB-34705C54D99B} = {A6CFBE72-06D5-4D9E-95E8-5E6A6D215AC9}
	EndGlobalSection
	GlobalSection(ExtensibilityGlobals) = postSolution
		SolutionGuid = {DAE772A6-FB90-42A9-AF93-1D2C7C58AC0A}
	EndGlobalSection
EndGlobal
